
Microsoft Visual Studio Solution File, Format Version 12.00
# Visual Studio Version 16
VisualStudioVersion = 16.0.30804.86
MinimumVisualStudioVersion = 10.0.40219.1
Project("{8BC9CEB8-8B4A-11D0-8D11-00A0C91BC942}") = "LAB3", "LAB3\LAB3.vcxproj", "{97F2D7C7-E5B6-4128-8841-4142A776D413}"
EndProject
Global
	GlobalSection(SolutionConfigurationPlatforms) = preSolution
		Debug|x64 = Debug|x64
		Debug|x86 = Debug|x86
		Release|x64 = Release|x64
		Release|x86 = Release|x86
	EndGlobalSection
	GlobalSection(ProjectConfigurationPlatforms) = postSolution
		{97F2D7C7-E5B6-4128-8841-4142A776D413}.Debug|x64.ActiveCfg = Debug|x64
		{97F2D7C7-E5B6-4128-8841-4142A776D413}.Debug|x64.Build.0 = Debug|x64
		{97F2D7C7-E5B6-4128-8841-4142A776D413}.Debug|x86.ActiveCfg = Debug|Win32
		{97F2D7C7-E5B6-4128-8841-4142A776D413}.Debug|x86.Build.0 = Debug|Win32
		{97F2D7C7-E5B6-4128-8841-4142A776D413}.Release|x64.ActiveCfg = Release|x64
		{97F2D7C7-E5B6-4128-8841-4142A776D413}.Release|x64.Build.0 = Release|x64
		{97F2D7C7-E5B6-4128-8841-4142A776D413}.Release|x86.ActiveCfg = Release|Win32
		{97F2D7C7-E5B6-4128-8841-4142A776D413}.Release|x86.Build.0 = Release|Win32
	EndGlobalSection
	GlobalSection(SolutionProperties) = preSolution
		HideSolutionNode = FALSE
	EndGlobalSection
	GlobalSection(ExtensibilityGlobals) = postSolution
		SolutionGuid = {2A8B669C-4B87-46A8-9F20-F9714E4E66D0}
	EndGlobalSection
EndGlobal
