
Microsoft Visual Studio Solution File, Format Version 12.00
# Visual Studio Version 16
VisualStudioVersion = 16.0.31624.102
MinimumVisualStudioVersion = 10.0.40219.1
Project("{8BC9CEB8-8B4A-11D0-8D11-00A0C91BC942}") = "MM", "MM\MM.vcxproj", "{93E5DFA7-EA97-4EB3-9FD7-0529CEE0DA9C}"
EndProject
Global
	GlobalSection(SolutionConfigurationPlatforms) = preSolution
		Debug|x64 = Debug|x64
		Debug|x86 = Debug|x86
		Release|x64 = Release|x64
		Release|x86 = Release|x86
	EndGlobalSection
	GlobalSection(ProjectConfigurationPlatforms) = postSolution
		{93E5DFA7-EA97-4EB3-9FD7-0529CEE0DA9C}.Debug|x64.ActiveCfg = Debug|x64
		{93E5DFA7-EA97-4EB3-9FD7-0529CEE0DA9C}.Debug|x64.Build.0 = Debug|x64
		{93E5DFA7-EA97-4EB3-9FD7-0529CEE0DA9C}.Debug|x86.ActiveCfg = Debug|Win32
		{93E5DFA7-EA97-4EB3-9FD7-0529CEE0DA9C}.Debug|x86.Build.0 = Debug|Win32
		{93E5DFA7-EA97-4EB3-9FD7-0529CEE0DA9C}.Release|x64.ActiveCfg = Release|x64
		{93E5DFA7-EA97-4EB3-9FD7-0529CEE0DA9C}.Release|x64.Build.0 = Release|x64
		{93E5DFA7-EA97-4EB3-9FD7-0529CEE0DA9C}.Release|x86.ActiveCfg = Release|Win32
		{93E5DFA7-EA97-4EB3-9FD7-0529CEE0DA9C}.Release|x86.Build.0 = Release|Win32
	EndGlobalSection
	GlobalSection(SolutionProperties) = preSolution
		HideSolutionNode = FALSE
	EndGlobalSection
	GlobalSection(ExtensibilityGlobals) = postSolution
		SolutionGuid = {9D95FDEF-7A95-4C78-8FCF-021CA45587B2}
	EndGlobalSection
EndGlobal
